
Microsoft Visual Studio Solution File, Format Version 12.00
# Visual Studio 15
VisualStudioVersion = 15.0.28307.572
MinimumVisualStudioVersion = 10.0.40219.1
Project("{FAE04EC0-301F-11D3-BF4B-00C04F79EFBC}") = "AwsDal", "AwsWrappers\AwsDal.csproj", "{B94873BD-F0F7-4EA6-B7F0-73A2F4F30BF7}"
EndProject
Global
	GlobalSection(SolutionConfigurationPlatforms) = preSolution
		Debug|Any CPU = Debug|Any CPU
		Release|Any CPU = Release|Any CPU
	EndGlobalSection
	GlobalSection(ProjectConfigurationPlatforms) = postSolution
		{B94873BD-F0F7-4EA6-B7F0-73A2F4F30BF7}.Debug|Any CPU.ActiveCfg = Debug|Any CPU
		{B94873BD-F0F7-4EA6-B7F0-73A2F4F30BF7}.Debug|Any CPU.Build.0 = Debug|Any CPU
		{B94873BD-F0F7-4EA6-B7F0-73A2F4F30BF7}.Release|Any CPU.ActiveCfg = Release|Any CPU
		{B94873BD-F0F7-4EA6-B7F0-73A2F4F30BF7}.Release|Any CPU.Build.0 = Release|Any CPU
	EndGlobalSection
	GlobalSection(SolutionProperties) = preSolution
		HideSolutionNode = FALSE
	EndGlobalSection
	GlobalSection(ExtensibilityGlobals) = postSolution
		SolutionGuid = {DDCCC15C-7360-4272-B416-3A5485A3DAB6}
	EndGlobalSection
EndGlobal
